// !$*UTF8*$!
{
	archiveVersion = 1;
	classes = {
	};
	objectVersion = 55;
	objects = {

/* Begin PBXBuildFile section */
		DE157ED928216ADF0081D7C3 /* AppDelegate.swift in Sources */ = {isa = PBXBuildFile; fileRef = DE157ED828216ADF0081D7C3 /* AppDelegate.swift */; };
		DE157EDB28216ADF0081D7C3 /* SceneDelegate.swift in Sources */ = {isa = PBXBuildFile; fileRef = DE157EDA28216ADF0081D7C3 /* SceneDelegate.swift */; };
		DE157EDD28216ADF0081D7C3 /* ViewController.swift in Sources */ = {isa = PBXBuildFile; fileRef = DE157EDC28216ADF0081D7C3 /* ViewController.swift */; };
		DE157EE028216ADF0081D7C3 /* Main.storyboard in Resources */ = {isa = PBXBuildFile; fileRef = DE157EDE28216ADF0081D7C3 /* Main.storyboard */; };
		DE157EE228216AE00081D7C3 /* Assets.xcassets in Resources */ = {isa = PBXBuildFile; fileRef = DE157EE128216AE00081D7C3 /* Assets.xcassets */; };
		DE157EE528216AE00081D7C3 /* LaunchScreen.storyboard in Resources */ = {isa = PBXBuildFile; fileRef = DE157EE328216AE00081D7C3 /* LaunchScreen.storyboard */; };
		DE157EF028216AE10081D7C3 /* YoutubeEmbedAppTests.swift in Sources */ = {isa = PBXBuildFile; fileRef = DE157EEF28216AE10081D7C3 /* YoutubeEmbedAppTests.swift */; };
		DE157EFA28216AE10081D7C3 /* YoutubeEmbedAppUITests.swift in Sources */ = {isa = PBXBuildFile; fileRef = DE157EF928216AE10081D7C3 /* YoutubeEmbedAppUITests.swift */; };
		DE157EFC28216AE10081D7C3 /* YoutubeEmbedAppUITestsLaunchTests.swift in Sources */ = {isa = PBXBuildFile; fileRef = DE157EFB28216AE10081D7C3 /* YoutubeEmbedAppUITestsLaunchTests.swift */; };
/* End PBXBuildFile section */

/* Begin PBXContainerItemProxy section */
		DE157EEC28216AE10081D7C3 /* PBXContainerItemProxy */ = {
			isa = PBXContainerItemProxy;
			containerPortal = DE157ECD28216ADF0081D7C3 /* Project object */;
			proxyType = 1;
			remoteGlobalIDString = DE157ED428216ADF0081D7C3;
			remoteInfo = YoutubeEmbedApp;
		};
		DE157EF628216AE10081D7C3 /* PBXContainerItemProxy */ = {
			isa = PBXContainerItemProxy;
			containerPortal = DE157ECD28216ADF0081D7C3 /* Project object */;
			proxyType = 1;
			remoteGlobalIDString = DE157ED428216ADF0081D7C3;
			remoteInfo = YoutubeEmbedApp;
		};
/* End PBXContainerItemProxy section */

/* Begin PBXFileReference section */
		DE157ED528216ADF0081D7C3 /* YoutubeEmbedApp.app */ = {isa = PBXFileReference; explicitFileType = wrapper.application; includeInIndex = 0; path = YoutubeEmbedApp.app; sourceTree = BUILT_PRODUCTS_DIR; };
		DE157ED828216ADF0081D7C3 /* AppDelegate.swift */ = {isa = PBXFileReference; lastKnownFileType = sourcecode.swift; path = AppDelegate.swift; sourceTree = "<group>"; };
		DE157EDA28216ADF0081D7C3 /* SceneDelegate.swift */ = {isa = PBXFileReference; lastKnownFileType = sourcecode.swift; path = SceneDelegate.swift; sourceTree = "<group>"; };
		DE157EDC28216ADF0081D7C3 /* ViewController.swift */ = {isa = PBXFileReference; lastKnownFileType = sourcecode.swift; path = ViewController.swift; sourceTree = "<group>"; };
		DE157EDF28216ADF0081D7C3 /* Base */ = {isa = PBXFileReference; lastKnownFileType = file.storyboard; name = Base; path = Base.lproj/Main.storyboard; sourceTree = "<group>"; };
		DE157EE128216AE00081D7C3 /* Assets.xcassets */ = {isa = PBXFileReference; lastKnownFileType = folder.assetcatalog; path = Assets.xcassets; sourceTree = "<group>"; };
		DE157EE428216AE00081D7C3 /* Base */ = {isa = PBXFileReference; lastKnownFileType = file.storyboard; name = Base; path = Base.lproj/LaunchScreen.storyboard; sourceTree = "<group>"; };
		DE157EE628216AE00081D7C3 /* Info.plist */ = {isa = PBXFileReference; lastKnownFileType = text.plist.xml; path = Info.plist; sourceTree = "<group>"; };
		DE157EEB28216AE10081D7C3 /* YoutubeEmbedAppTests.xctest */ = {isa = PBXFileReference; explicitFileType = wrapper.cfbundle; includeInIndex = 0; path = YoutubeEmbedAppTests.xctest; sourceTree = BUILT_PRODUCTS_DIR; };
		DE157EEF28216AE10081D7C3 /* YoutubeEmbedAppTests.swift */ = {isa = PBXFileReference; lastKnownFileType = sourcecode.swift; path = YoutubeEmbedAppTests.swift; sourceTree = "<group>"; };
		DE157EF528216AE10081D7C3 /* YoutubeEmbedAppUITests.xctest */ = {isa = PBXFileReference; explicitFileType = wrapper.cfbundle; includeInIndex = 0; path = YoutubeEmbedAppUITests.xctest; sourceTree = BUILT_PRODUCTS_DIR; };
		DE157EF928216AE10081D7C3 /* YoutubeEmbedAppUITests.swift */ = {isa = PBXFileReference; lastKnownFileType = sourcecode.swift; path = YoutubeEmbedAppUITests.swift; sourceTree = "<group>"; };
		DE157EFB28216AE10081D7C3 /* YoutubeEmbedAppUITestsLaunchTests.swift */ = {isa = PBXFileReference; lastKnownFileType = sourcecode.swift; path = YoutubeEmbedAppUITestsLaunchTests.swift; sourceTree = "<group>"; };
/* End PBXFileReference section */

/* Begin PBXFrameworksBuildPhase section */
		DE157ED228216ADF0081D7C3 /* Frameworks */ = {
			isa = PBXFrameworksBuildPhase;
			buildActionMask = 2147483647;
			files = (
			);
			runOnlyForDeploymentPostprocessing = 0;
		};
		DE157EE828216AE10081D7C3 /* Frameworks */ = {
			isa = PBXFrameworksBuildPhase;
			buildActionMask = 2147483647;
			files = (
			);
			runOnlyForDeploymentPostprocessing = 0;
		};
		DE157EF228216AE10081D7C3 /* Frameworks */ = {
			isa = PBXFrameworksBuildPhase;
			buildActionMask = 2147483647;
			files = (
			);
			runOnlyForDeploymentPostprocessing = 0;
		};
/* End PBXFrameworksBuildPhase section */

/* Begin PBXGroup section */
		DE157ECC28216ADF0081D7C3 = {
			isa = PBXGroup;
			children = (
				DE157ED728216ADF0081D7C3 /* YoutubeEmbedApp */,
				DE157EEE28216AE10081D7C3 /* YoutubeEmbedAppTests */,
				DE157EF828216AE10081D7C3 /* YoutubeEmbedAppUITests */,
				DE157ED628216ADF0081D7C3 /* Products */,
			);
			sourceTree = "<group>";
		};
		DE157ED628216ADF0081D7C3 /* Products */ = {
			isa = PBXGroup;
			children = (
				DE157ED528216ADF0081D7C3 /* YoutubeEmbedApp.app */,
				DE157EEB28216AE10081D7C3 /* YoutubeEmbedAppTests.xctest */,
				DE157EF528216AE10081D7C3 /* YoutubeEmbedAppUITests.xctest */,
			);
			name = Products;
			sourceTree = "<group>";
		};
		DE157ED728216ADF0081D7C3 /* YoutubeEmbedApp */ = {
			isa = PBXGroup;
			children = (
				DE157ED828216ADF0081D7C3 /* AppDelegate.swift */,
				DE157EDA28216ADF0081D7C3 /* SceneDelegate.swift */,
				DE157EDC28216ADF0081D7C3 /* ViewController.swift */,
				DE157EDE28216ADF0081D7C3 /* Main.storyboard */,
				DE157EE128216AE00081D7C3 /* Assets.xcassets */,
				DE157EE328216AE00081D7C3 /* LaunchScreen.storyboard */,
				DE157EE628216AE00081D7C3 /* Info.plist */,
			);
			path = YoutubeEmbedApp;
			sourceTree = "<group>";
		};
		DE157EEE28216AE10081D7C3 /* YoutubeEmbedAppTests */ = {
			isa = PBXGroup;
			children = (
				DE157EEF28216AE10081D7C3 /* YoutubeEmbedAppTests.swift */,
			);
			path = YoutubeEmbedAppTests;
			sourceTree = "<group>";
		};
		DE157EF828216AE10081D7C3 /* YoutubeEmbedAppUITests */ = {
			isa = PBXGroup;
			children = (
				DE157EF928216AE10081D7C3 /* YoutubeEmbedAppUITests.swift */,
				DE157EFB28216AE10081D7C3 /* YoutubeEmbedAppUITestsLaunchTests.swift */,
			);
			path = YoutubeEmbedAppUITests;
			sourceTree = "<group>";
		};
/* End PBXGroup section */

/* Begin PBXNativeTarget section */
		DE157ED428216ADF0081D7C3 /* YoutubeEmbedApp */ = {
			isa = PBXNativeTarget;
			buildConfigurationList = DE157EFF28216AE10081D7C3 /* Build configuration list for PBXNativeTarget "YoutubeEmbedApp" */;
			buildPhases = (
				DE157ED128216ADF0081D7C3 /* Sources */,
				DE157ED228216ADF0081D7C3 /* Frameworks */,
				DE157ED328216ADF0081D7C3 /* Resources */,
			);
			buildRules = (
			);
			dependencies = (
			);
			name = YoutubeEmbedApp;
			productName = YoutubeEmbedApp;
			productReference = DE157ED528216ADF0081D7C3 /* YoutubeEmbedApp.app */;
			productType = "com.apple.product-type.application";
		};
		DE157EEA28216AE10081D7C3 /* YoutubeEmbedAppTests */ = {
			isa = PBXNativeTarget;
			buildConfigurationList = DE157F0228216AE10081D7C3 /* Build configuration list for PBXNativeTarget "YoutubeEmbedAppTests" */;
			buildPhases = (
				DE157EE728216AE10081D7C3 /* Sources */,
				DE157EE828216AE10081D7C3 /* Frameworks */,
				DE157EE928216AE10081D7C3 /* Resources */,
			);
			buildRules = (
			);
			dependencies = (
				DE157EED28216AE10081D7C3 /* PBXTargetDependency */,
			);
			name = YoutubeEmbedAppTests;
			productName = YoutubeEmbedAppTests;
			productReference = DE157EEB28216AE10081D7C3 /* YoutubeEmbedAppTests.xctest */;
			productType = "com.apple.product-type.bundle.unit-test";
		};
		DE157EF428216AE10081D7C3 /* YoutubeEmbedAppUITests */ = {
			isa = PBXNativeTarget;
			buildConfigurationList = DE157F0528216AE10081D7C3 /* Build configuration list for PBXNativeTarget "YoutubeEmbedAppUITests" */;
			buildPhases = (
				DE157EF128216AE10081D7C3 /* Sources */,
				DE157EF228216AE10081D7C3 /* Frameworks */,
				DE157EF328216AE10081D7C3 /* Resources */,
			);
			buildRules = (
			);
			dependencies = (
				DE157EF728216AE10081D7C3 /* PBXTargetDependency */,
			);
			name = YoutubeEmbedAppUITests;
			productName = YoutubeEmbedAppUITests;
			productReference = DE157EF528216AE10081D7C3 /* YoutubeEmbedAppUITests.xctest */;
			productType = "com.apple.product-type.bundle.ui-testing";
		};
/* End PBXNativeTarget section */

/* Begin PBXProject section */
		DE157ECD28216ADF0081D7C3 /* Project object */ = {
			isa = PBXProject;
			attributes = {
				BuildIndependentTargetsInParallel = 1;
				LastSwiftUpdateCheck = 1320;
				LastUpgradeCheck = 1320;
				TargetAttributes = {
					DE157ED428216ADF0081D7C3 = {
						CreatedOnToolsVersion = 13.2.1;
					};
					DE157EEA28216AE10081D7C3 = {
						CreatedOnToolsVersion = 13.2.1;
						TestTargetID = DE157ED428216ADF0081D7C3;
					};
					DE157EF428216AE10081D7C3 = {
						CreatedOnToolsVersion = 13.2.1;
						TestTargetID = DE157ED428216ADF0081D7C3;
					};
				};
			};
			buildConfigurationList = DE157ED028216ADF0081D7C3 /* Build configuration list for PBXProject "YoutubeEmbedApp" */;
			compatibilityVersion = "Xcode 13.0";
			developmentRegion = en;
			hasScannedForEncodings = 0;
			knownRegions = (
				en,
				Base,
			);
			mainGroup = DE157ECC28216ADF0081D7C3;
			productRefGroup = DE157ED628216ADF0081D7C3 /* Products */;
			projectDirPath = "";
			projectRoot = "";
			targets = (
				DE157ED428216ADF0081D7C3 /* YoutubeEmbedApp */,
				DE157EEA28216AE10081D7C3 /* YoutubeEmbedAppTests */,
				DE157EF428216AE10081D7C3 /* YoutubeEmbedAppUITests */,
			);
		};
/* End PBXProject section */

/* Begin PBXResourcesBuildPhase section */
		DE157ED328216ADF0081D7C3 /* Resources */ = {
			isa = PBXResourcesBuildPhase;
			buildActionMask = 2147483647;
			files = (
				DE157EE528216AE00081D7C3 /* LaunchScreen.storyboard in Resources */,
				DE157EE228216AE00081D7C3 /* Assets.xcassets in Resources */,
				DE157EE028216ADF0081D7C3 /* Main.storyboard in Resources */,
			);
			runOnlyForDeploymentPostprocessing = 0;
		};
		DE157EE928216AE10081D7C3 /* Resources */ = {
			isa = PBXResourcesBuildPhase;
			buildActionMask = 2147483647;
			files = (
			);
			runOnlyForDeploymentPostprocessing = 0;
		};
		DE157EF328216AE10081D7C3 /* Resources */ = {
			isa = PBXResourcesBuildPhase;
			buildActionMask = 2147483647;
			files = (
			);
			runOnlyForDeploymentPostprocessing = 0;
		};
/* End PBXResourcesBuildPhase section */

/* Begin PBXSourcesBuildPhase section */
		DE157ED128216ADF0081D7C3 /* Sources */ = {
			isa = PBXSourcesBuildPhase;
			buildActionMask = 2147483647;
			files = (
				DE157EDD28216ADF0081D7C3 /* ViewController.swift in Sources */,
				DE157ED928216ADF0081D7C3 /* AppDelegate.swift in Sources */,
				DE157EDB28216ADF0081D7C3 /* SceneDelegate.swift in Sources */,
			);
			runOnlyForDeploymentPostprocessing = 0;
		};
		DE157EE728216AE10081D7C3 /* Sources */ = {
			isa = PBXSourcesBuildPhase;
			buildActionMask = 2147483647;
			files = (
				DE157EF028216AE10081D7C3 /* YoutubeEmbedAppTests.swift in Sources */,
			);
			runOnlyForDeploymentPostprocessing = 0;
		};
		DE157EF128216AE10081D7C3 /* Sources */ = {
			isa = PBXSourcesBuildPhase;
			buildActionMask = 2147483647;
			files = (
				DE157EFC28216AE10081D7C3 /* YoutubeEmbedAppUITestsLaunchTests.swift in Sources */,
				DE157EFA28216AE10081D7C3 /* YoutubeEmbedAppUITests.swift in Sources */,
			);
			runOnlyForDeploymentPostprocessing = 0;
		};
/* End PBXSourcesBuildPhase section */

/* Begin PBXTargetDependency section */
		DE157EED28216AE10081D7C3 /* PBXTargetDependency */ = {
			isa = PBXTargetDependency;
			target = DE157ED428216ADF0081D7C3 /* YoutubeEmbedApp */;
			targetProxy = DE157EEC28216AE10081D7C3 /* PBXContainerItemProxy */;
		};
		DE157EF728216AE10081D7C3 /* PBXTargetDependency */ = {
			isa = PBXTargetDependency;
			target = DE157ED428216ADF0081D7C3 /* YoutubeEmbedApp */;
			targetProxy = DE157EF628216AE10081D7C3 /* PBXContainerItemProxy */;
		};
/* End PBXTargetDependency section */

/* Begin PBXVariantGroup section */
		DE157EDE28216ADF0081D7C3 /* Main.storyboard */ = {
			isa = PBXVariantGroup;
			children = (
				DE157EDF28216ADF0081D7C3 /* Base */,
			);
			name = Main.storyboard;
			sourceTree = "<group>";
		};
		DE157EE328216AE00081D7C3 /* LaunchScreen.storyboard */ = {
			isa = PBXVariantGroup;
			children = (
				DE157EE428216AE00081D7C3 /* Base */,
			);
			name = LaunchScreen.storyboard;
			sourceTree = "<group>";
		};
/* End PBXVariantGroup section */

/* Begin XCBuildConfiguration section */
		DE157EFD28216AE10081D7C3 /* Debug */ = {
			isa = XCBuildConfiguration;
			buildSettings = {
				ALWAYS_SEARCH_USER_PATHS = NO;
				CLANG_ANALYZER_NONNULL = YES;
				CLANG_ANALYZER_NUMBER_OBJECT_CONVERSION = YES_AGGRESSIVE;
				CLANG_CXX_LANGUAGE_STANDARD = "gnu++17";
				CLANG_CXX_LIBRARY = "libc++";
				CLANG_ENABLE_MODULES = YES;
				CLANG_ENABLE_OBJC_ARC = YES;
				CLANG_ENABLE_OBJC_WEAK = YES;
				CLANG_WARN_BLOCK_CAPTURE_AUTORELEASING = YES;
				CLANG_WARN_BOOL_CONVERSION = YES;
				CLANG_WARN_COMMA = YES;
				CLANG_WARN_CONSTANT_CONVERSION = YES;
				CLANG_WARN_DEPRECATED_OBJC_IMPLEMENTATIONS = YES;
				CLANG_WARN_DIRECT_OBJC_ISA_USAGE = YES_ERROR;
				CLANG_WARN_DOCUMENTATION_COMMENTS = YES;
				CLANG_WARN_EMPTY_BODY = YES;
				CLANG_WARN_ENUM_CONVERSION = YES;
				CLANG_WARN_INFINITE_RECURSION = YES;
				CLANG_WARN_INT_CONVERSION = YES;
				CLANG_WARN_NON_LITERAL_NULL_CONVERSION = YES;
				CLANG_WARN_OBJC_IMPLICIT_RETAIN_SELF = YES;
				CLANG_WARN_OBJC_LITERAL_CONVERSION = YES;
				CLANG_WARN_OBJC_ROOT_CLASS = YES_ERROR;
				CLANG_WARN_QUOTED_INCLUDE_IN_FRAMEWORK_HEADER = YES;
				CLANG_WARN_RANGE_LOOP_ANALYSIS = YES;
				CLANG_WARN_STRICT_PROTOTYPES = YES;
				CLANG_WARN_SUSPICIOUS_MOVE = YES;
				CLANG_WARN_UNGUARDED_AVAILABILITY = YES_AGGRESSIVE;
				CLANG_WARN_UNREACHABLE_CODE = YES;
				CLANG_WARN__DUPLICATE_METHOD_MATCH = YES;
				COPY_PHASE_STRIP = NO;
				DEBUG_INFORMATION_FORMAT = dwarf;
				ENABLE_STRICT_OBJC_MSGSEND = YES;
				ENABLE_TESTABILITY = YES;
				GCC_C_LANGUAGE_STANDARD = gnu11;
				GCC_DYNAMIC_NO_PIC = NO;
				GCC_NO_COMMON_BLOCKS = YES;
				GCC_OPTIMIZATION_LEVEL = 0;
				GCC_PREPROCESSOR_DEFINITIONS = (
					"DEBUG=1",
					"$(inherited)",
				);
				GCC_WARN_64_TO_32_BIT_CONVERSION = YES;
				GCC_WARN_ABOUT_RETURN_TYPE = YES_ERROR;
				GCC_WARN_UNDECLARED_SELECTOR = YES;
				GCC_WARN_UNINITIALIZED_AUTOS = YES_AGGRESSIVE;
				GCC_WARN_UNUSED_FUNCTION = YES;
				GCC_WARN_UNUSED_VARIABLE = YES;
				IPHONEOS_DEPLOYMENT_TARGET = 15.2;
				MTL_ENABLE_DEBUG_INFO = INCLUDE_SOURCE;
				MTL_FAST_MATH = YES;
				ONLY_ACTIVE_ARCH = YES;
				SDKROOT = iphoneos;
				SWIFT_ACTIVE_COMPILATION_CONDITIONS = DEBUG;
				SWIFT_OPTIMIZATION_LEVEL = "-Onone";
			};
			name = Debug;
		};
		DE157EFE28216AE10081D7C3 /* Release */ = {
			isa = XCBuildConfiguration;
			buildSettings = {
				ALWAYS_SEARCH_USER_PATHS = NO;
				CLANG_ANALYZER_NONNULL = YES;
				CLANG_ANALYZER_NUMBER_OBJECT_CONVERSION = YES_AGGRESSIVE;
				CLANG_CXX_LANGUAGE_STANDARD = "gnu++17";
				CLANG_CXX_LIBRARY = "libc++";
				CLANG_ENABLE_MODULES = YES;
				CLANG_ENABLE_OBJC_ARC = YES;
				CLANG_ENABLE_OBJC_WEAK = YES;
				CLANG_WARN_BLOCK_CAPTURE_AUTORELEASING = YES;
				CLANG_WARN_BOOL_CONVERSION = YES;
				CLANG_WARN_COMMA = YES;
				CLANG_WARN_CONSTANT_CONVERSION = YES;
				CLANG_WARN_DEPRECATED_OBJC_IMPLEMENTATIONS = YES;
				CLANG_WARN_DIRECT_OBJC_ISA_USAGE = YES_ERROR;
				CLANG_WARN_DOCUMENTATION_COMMENTS = YES;
				CLANG_WARN_EMPTY_BODY = YES;
				CLANG_WARN_ENUM_CONVERSION = YES;
				CLANG_WARN_INFINITE_RECURSION = YES;
				CLANG_WARN_INT_CONVERSION = YES;
				CLANG_WARN_NON_LITERAL_NULL_CONVERSION = YES;
				CLANG_WARN_OBJC_IMPLICIT_RETAIN_SELF = YES;
				CLANG_WARN_OBJC_LITERAL_CONVERSION = YES;
				CLANG_WARN_OBJC_ROOT_CLASS = YES_ERROR;
				CLANG_WARN_QUOTED_INCLUDE_IN_FRAMEWORK_HEADER = YES;
				CLANG_WARN_RANGE_LOOP_ANALYSIS = YES;
				CLANG_WARN_STRICT_PROTOTYPES = YES;
				CLANG_WARN_SUSPICIOUS_MOVE = YES;
				CLANG_WARN_UNGUARDED_AVAILABILITY = YES_AGGRESSIVE;
				CLANG_WARN_UNREACHABLE_CODE = YES;
				CLANG_WARN__DUPLICATE_METHOD_MATCH = YES;
				COPY_PHASE_STRIP = NO;
				DEBUG_INFORMATION_FORMAT = "dwarf-with-dsym";
				ENABLE_NS_ASSERTIONS = NO;
				ENABLE_STRICT_OBJC_MSGSEND = YES;
				GCC_C_LANGUAGE_STANDARD = gnu11;
				GCC_NO_COMMON_BLOCKS = YES;
				GCC_WARN_64_TO_32_BIT_CONVERSION = YES;
				GCC_WARN_ABOUT_RETURN_TYPE = YES_ERROR;
				GCC_WARN_UNDECLARED_SELECTOR = YES;
				GCC_WARN_UNINITIALIZED_AUTOS = YES_AGGRESSIVE;
				GCC_WARN_UNUSED_FUNCTION = YES;
				GCC_WARN_UNUSED_VARIABLE = YES;
				IPHONEOS_DEPLOYMENT_TARGET = 15.2;
				MTL_ENABLE_DEBUG_INFO = NO;
				MTL_FAST_MATH = YES;
				SDKROOT = iphoneos;
				SWIFT_COMPILATION_MODE = wholemodule;
				SWIFT_OPTIMIZATION_LEVEL = "-O";
				VALIDATE_PRODUCT = YES;
			};
			name = Release;
		};
		DE157F0028216AE10081D7C3 /* Debug */ = {
			isa = XCBuildConfiguration;
			buildSettings = {
				ASSETCATALOG_COMPILER_APPICON_NAME = AppIcon;
				ASSETCATALOG_COMPILER_GLOBAL_ACCENT_COLOR_NAME = AccentColor;
				CODE_SIGN_STYLE = Automatic;
				CURRENT_PROJECT_VERSION = 1;
				DEVELOPMENT_TEAM = 7CRNJ953YN;
				GENERATE_INFOPLIST_FILE = YES;
				INFOPLIST_FILE = YoutubeEmbedApp/Info.plist;
				INFOPLIST_KEY_UIApplicationSupportsIndirectInputEvents = YES;
				INFOPLIST_KEY_UILaunchStoryboardName = LaunchScreen;
				INFOPLIST_KEY_UIMainStoryboardFile = Main;
				INFOPLIST_KEY_UISupportedInterfaceOrientations_iPad = "UIInterfaceOrientationPortrait UIInterfaceOrientationPortraitUpsideDown UIInterfaceOrientationLandscapeLeft UIInterfaceOrientationLandscapeRight";
				INFOPLIST_KEY_UISupportedInterfaceOrientations_iPhone = "UIInterfaceOrientationPortrait UIInterfaceOrientationLandscapeLeft UIInterfaceOrientationLandscapeRight";
				LD_RUNPATH_SEARCH_PATHS = (
					"$(inherited)",
					"@executable_path/Frameworks",
				);
				MARKETING_VERSION = 1.0;
				PRODUCT_BUNDLE_IDENTIFIER = com.omerKilicaslan.YoutubeEmbedApp;
				PRODUCT_NAME = "$(TARGET_NAME)";
				SWIFT_EMIT_LOC_STRINGS = YES;
				SWIFT_VERSION = 5.0;
				TARGETED_DEVICE_FAMILY = "1,2";
			};
			name = Debug;
		};
		DE157F0128216AE10081D7C3 /* Release */ = {
			isa = XCBuildConfiguration;
			buildSettings = {
				ASSETCATALOG_COMPILER_APPICON_NAME = AppIcon;
				ASSETCATALOG_COMPILER_GLOBAL_ACCENT_COLOR_NAME = AccentColor;
				CODE_SIGN_STYLE = Automatic;
				CURRENT_PROJECT_VERSION = 1;
				DEVELOPMENT_TEAM = 7CRNJ953YN;
				GENERATE_INFOPLIST_FILE = YES;
				INFOPLIST_FILE = YoutubeEmbedApp/Info.plist;
				INFOPLIST_KEY_UIApplicationSupportsIndirectInputEvents = YES;
				INFOPLIST_KEY_UILaunchStoryboardName = LaunchScreen;
				INFOPLIST_KEY_UIMainStoryboardFile = Main;
				INFOPLIST_KEY_UISupportedInterfaceOrientations_iPad = "UIInterfaceOrientationPortrait UIInterfaceOrientationPortraitUpsideDown UIInterfaceOrientationLandscapeLeft UIInterfaceOrientationLandscapeRight";
				INFOPLIST_KEY_UISupportedInterfaceOrientations_iPhone = "UIInterfaceOrientationPortrait UIInterfaceOrientationLandscapeLeft UIInterfaceOrientationLandscapeRight";
				LD_RUNPATH_SEARCH_PATHS = (
					"$(inherited)",
					"@executable_path/Frameworks",
				);
				MARKETING_VERSION = 1.0;
				PRODUCT_BUNDLE_IDENTIFIER = com.omerKilicaslan.YoutubeEmbedApp;
				PRODUCT_NAME = "$(TARGET_NAME)";
				SWIFT_EMIT_LOC_STRINGS = YES;
				SWIFT_VERSION = 5.0;
				TARGETED_DEVICE_FAMILY = "1,2";
			};
			name = Release;
		};
		DE157F0328216AE10081D7C3 /* Debug */ = {
			isa = XCBuildConfiguration;
			buildSettings = {
				ALWAYS_EMBED_SWIFT_STANDARD_LIBRARIES = YES;
				BUNDLE_LOADER = "$(TEST_HOST)";
				CODE_SIGN_STYLE = Automatic;
				CURRENT_PROJECT_VERSION = 1;
				DEVELOPMENT_TEAM = 7CRNJ953YN;
				GENERATE_INFOPLIST_FILE = YES;
				IPHONEOS_DEPLOYMENT_TARGET = 15.2;
				MARKETING_VERSION = 1.0;
				PRODUCT_BUNDLE_IDENTIFIER = com.omerKilicaslan.YoutubeEmbedAppTests;
				PRODUCT_NAME = "$(TARGET_NAME)";
				SWIFT_EMIT_LOC_STRINGS = NO;
				SWIFT_VERSION = 5.0;
				TARGETED_DEVICE_FAMILY = "1,2";
				TEST_HOST = "$(BUILT_PRODUCTS_DIR)/YoutubeEmbedApp.app/YoutubeEmbedApp";
			};
			name = Debug;
		};
		DE157F0428216AE10081D7C3 /* Release */ = {
			isa = XCBuildConfiguration;
			buildSettings = {
				ALWAYS_EMBED_SWIFT_STANDARD_LIBRARIES = YES;
				BUNDLE_LOADER = "$(TEST_HOST)";
				CODE_SIGN_STYLE = Automatic;
				CURRENT_PROJECT_VERSION = 1;
				DEVELOPMENT_TEAM = 7CRNJ953YN;
				GENERATE_INFOPLIST_FILE = YES;
				IPHONEOS_DEPLOYMENT_TARGET = 15.2;
				MARKETING_VERSION = 1.0;
				PRODUCT_BUNDLE_IDENTIFIER = com.omerKilicaslan.YoutubeEmbedAppTests;
				PRODUCT_NAME = "$(TARGET_NAME)";
				SWIFT_EMIT_LOC_STRINGS = NO;
				SWIFT_VERSION = 5.0;
				TARGETED_DEVICE_FAMILY = "1,2";
				TEST_HOST = "$(BUILT_PRODUCTS_DIR)/YoutubeEmbedApp.app/YoutubeEmbedApp";
			};
			name = Release;
		};
		DE157F0628216AE10081D7C3 /* Debug */ = {
			isa = XCBuildConfiguration;
			buildSettings = {
				ALWAYS_EMBED_SWIFT_STANDARD_LIBRARIES = YES;
				CODE_SIGN_STYLE = Automatic;
				CURRENT_PROJECT_VERSION = 1;
				DEVELOPMENT_TEAM = 7CRNJ953YN;
				GENERATE_INFOPLIST_FILE = YES;
				MARKETING_VERSION = 1.0;
				PRODUCT_BUNDLE_IDENTIFIER = com.omerKilicaslan.YoutubeEmbedAppUITests;
				PRODUCT_NAME = "$(TARGET_NAME)";
				SWIFT_EMIT_LOC_STRINGS = NO;
				SWIFT_VERSION = 5.0;
				TARGETED_DEVICE_FAMILY = "1,2";
				TEST_TARGET_NAME = YoutubeEmbedApp;
			};
			name = Debug;
		};
		DE157F0728216AE10081D7C3 /* Release */ = {
			isa = XCBuildConfiguration;
			buildSettings = {
				ALWAYS_EMBED_SWIFT_STANDARD_LIBRARIES = YES;
				CODE_SIGN_STYLE = Automatic;
				CURRENT_PROJECT_VERSION = 1;
				DEVELOPMENT_TEAM = 7CRNJ953YN;
				GENERATE_INFOPLIST_FILE = YES;
				MARKETING_VERSION = 1.0;
				PRODUCT_BUNDLE_IDENTIFIER = com.omerKilicaslan.YoutubeEmbedAppUITests;
				PRODUCT_NAME = "$(TARGET_NAME)";
				SWIFT_EMIT_LOC_STRINGS = NO;
				SWIFT_VERSION = 5.0;
				TARGETED_DEVICE_FAMILY = "1,2";
				TEST_TARGET_NAME = YoutubeEmbedApp;
			};
			name = Release;
		};
/* End XCBuildConfiguration section */

/* Begin XCConfigurationList section */
		DE157ED028216ADF0081D7C3 /* Build configuration list for PBXProject "YoutubeEmbedApp" */ = {
			isa = XCConfigurationList;
			buildConfigurations = (
				DE157EFD28216AE10081D7C3 /* Debug */,
				DE157EFE28216AE10081D7C3 /* Release */,
			);
			defaultConfigurationIsVisible = 0;
			defaultConfigurationName = Release;
		};
		DE157EFF28216AE10081D7C3 /* Build configuration list for PBXNativeTarget "YoutubeEmbedApp" */ = {
			isa = XCConfigurationList;
			buildConfigurations = (
				DE157F0028216AE10081D7C3 /* Debug */,
				DE157F0128216AE10081D7C3 /* Release */,
			);
			defaultConfigurationIsVisible = 0;
			defaultConfigurationName = Release;
		};
		DE157F0228216AE10081D7C3 /* Build configuration list for PBXNativeTarget "YoutubeEmbedAppTests" */ = {
			isa = XCConfigurationList;
			buildConfigurations = (
				DE157F0328216AE10081D7C3 /* Debug */,
				DE157F0428216AE10081D7C3 /* Release */,
			);
			defaultConfigurationIsVisible = 0;
			defaultConfigurationName = Release;
		};
		DE157F0528216AE10081D7C3 /* Build configuration list for PBXNativeTarget "YoutubeEmbedAppUITests" */ = {
			isa = XCConfigurationList;
			buildConfigurations = (
				DE157F0628216AE10081D7C3 /* Debug */,
				DE157F0728216AE10081D7C3 /* Release */,
			);
			defaultConfigurationIsVisible = 0;
			defaultConfigurationName = Release;
		};
/* End XCConfigurationList section */
	};
	rootObject = DE157ECD28216ADF0081D7C3 /* Project object */;
}
